# THIS IS AN AUTOGENERATED FILE. DO NOT EDIT THIS FILE DIRECTLY.
# yarn lockfile v1


"@types/bluebird-global@^3.5.13":
  "integrity" "sha512-jmq47VdRYy8KPjXDlJ6zO5Ie+l5j0X2fGdSbfCS3mGdM93MTy50dh/EfltIv/QD15hCYTY+0lm/C0Bou1tPYnQ=="
  "resolved" "https://registry.npmjs.org/@types/bluebird-global/-/bluebird-global-3.5.13.tgz"
  "version" "3.5.13"
  dependencies:
    "@types/bluebird" "*"

"@types/bluebird@*":
  "integrity" "sha512-HBNx4lhkxN7bx6P0++W8E289foSu8kO8GCk2unhuVggO+cE7rh9DhZUyPhUxNRG9m+5B5BTKxZQ5ZP92x/mx9Q=="
  "resolved" "https://registry.npmjs.org/@types/bluebird/-/bluebird-3.5.36.tgz"
  "version" "3.5.36"

"@types/node@^17.0.34":
  "integrity" "sha512-XImEz7XwTvDBtzlTnm8YvMqGW/ErMWBsKZ+hMTvnDIjGCKxwK5Xpc+c/oQjOauwq8M4OS11hEkpjX8rrI/eEgA=="
  "resolved" "https://registry.npmjs.org/@types/node/-/node-17.0.34.tgz"
  "version" "17.0.34"

"async@^3.2.3":
  "integrity" "sha512-spZRyzKL5l5BZQrr/6m/SqFdBN0q3OCI0f9rjfBzCMBIP4p75P620rR3gTmaksNOhmzgdxcaxdNfMy6anrbM0g=="
  "resolved" "https://registry.npmjs.org/async/-/async-3.2.3.tgz"
  "version" "3.2.3"

"bluebird@^3.7.2":
  "integrity" "sha512-XpNj6GDQzdfW+r2Wnn7xiSAd7TM3jzkxGXBGTtWKuSXv1xUV+azxAm8jdWZN06QTQk+2N2XB9jRDkvbmQmcRtg=="
  "resolved" "https://registry.npmjs.org/bluebird/-/bluebird-3.7.2.tgz"
  "version" "3.7.2"
